
Microsoft Visual Studio Solution File, Format Version 12.00
# Visual Studio 15
VisualStudioVersion = 15.0.28010.2003
MinimumVisualStudioVersion = 10.0.40219.1
Project("{9092AA53-FB77-4645-B42D-1CCCA6BD08BD}") = "Ts3 Web Panel", "Ts3 Web Panel\Ts3 Web Panel.njsproj", "{D97A87DF-522C-493F-8E0C-7CAD433C2F61}"
EndProject
Global
	GlobalSection(SolutionConfigurationPlatforms) = preSolution
		Debug|Any CPU = Debug|Any CPU
		Release|Any CPU = Release|Any CPU
	EndGlobalSection
	GlobalSection(ProjectConfigurationPlatforms) = postSolution
		{D97A87DF-522C-493F-8E0C-7CAD433C2F61}.Debug|Any CPU.ActiveCfg = Debug|Any CPU
		{D97A87DF-522C-493F-8E0C-7CAD433C2F61}.Debug|Any CPU.Build.0 = Debug|Any CPU
		{D97A87DF-522C-493F-8E0C-7CAD433C2F61}.Release|Any CPU.ActiveCfg = Release|Any CPU
		{D97A87DF-522C-493F-8E0C-7CAD433C2F61}.Release|Any CPU.Build.0 = Release|Any CPU
	EndGlobalSection
	GlobalSection(SolutionProperties) = preSolution
		HideSolutionNode = FALSE
	EndGlobalSection
	GlobalSection(ExtensibilityGlobals) = postSolution
		SolutionGuid = {D73CBF99-0432-4709-9EEB-1BB69B2DE652}
	EndGlobalSection
EndGlobal
